
Microsoft Visual Studio Solution File, Format Version 12.00
# Visual Studio Version 17
VisualStudioVersion = 17.5.002.0
MinimumVisualStudioVersion = 10.0.40219.1
Project("{2150E333-8FDC-42A3-9474-1A3956D46DE8}") = "BE", "BE", "{1C58C691-6FBB-4520-A457-3E6A7D89B6CE}"
EndProject
Project("{9A19103F-16F7-4668-BE54-9A1E7A4F7556}") = "PODBookingRoom", "BE\PODBookingRoom\PODBookingRoom.csproj", "{3B6FF32B-9FA6-47D8-B164-EFF89A2896CB}"
EndProject
Global
	GlobalSection(SolutionConfigurationPlatforms) = preSolution
		Debug|Any CPU = Debug|Any CPU
		Release|Any CPU = Release|Any CPU
	EndGlobalSection
	GlobalSection(ProjectConfigurationPlatforms) = postSolution
		{3B6FF32B-9FA6-47D8-B164-EFF89A2896CB}.Debug|Any CPU.ActiveCfg = Debug|Any CPU
		{3B6FF32B-9FA6-47D8-B164-EFF89A2896CB}.Debug|Any CPU.Build.0 = Debug|Any CPU
		{3B6FF32B-9FA6-47D8-B164-EFF89A2896CB}.Release|Any CPU.ActiveCfg = Release|Any CPU
		{3B6FF32B-9FA6-47D8-B164-EFF89A2896CB}.Release|Any CPU.Build.0 = Release|Any CPU
	EndGlobalSection
	GlobalSection(SolutionProperties) = preSolution
		HideSolutionNode = FALSE
	EndGlobalSection
	GlobalSection(NestedProjects) = preSolution
		{3B6FF32B-9FA6-47D8-B164-EFF89A2896CB} = {1C58C691-6FBB-4520-A457-3E6A7D89B6CE}
	EndGlobalSection
	GlobalSection(ExtensibilityGlobals) = postSolution
		SolutionGuid = {56EAACCA-0093-44B9-A950-188B8C1C90DD}
	EndGlobalSection
EndGlobal
